#MicroXplorer Configuration settings - do not modify
Mcu.Family=STM32F4
ProjectManager.MainLocation=Src
USB_DEVICE.CLASS_NAME_FS=CDC
ProjectManager.ProjectFileName=stm32-mcs4-memory-emulator.ioc
PH0-OSC_IN.Signal=RCC_OSC_IN
RCC.CortexFreq_Value=16000000
ProjectManager.KeepUserCode=true
Mcu.UserName=STM32F415RGTx
Mcu.PinsNb=9
ProjectManager.NoMain=false
USB_DEVICE.VirtualModeFS=Cdc_FS
PC12.Locked=true
RCC.PLLCLKFreq_Value=120000000
PC12.Signal=GPIO_Output
RCC.PLLQCLKFreq_Value=48000000
ProjectManager.functionlistsort=1-SystemClock_Config-RCC-false-HAL-false
PA11.Mode=Device_Only
RCC.RTCFreq_Value=32000
ProjectManager.DefaultFWLocation=true
USB_DEVICE.VirtualMode-CDC_FS=Cdc
ProjectManager.DeletePrevious=true
USB_DEVICE.IPParameters=VirtualMode-CDC_FS,VirtualModeFS,CLASS_NAME_FS
PinOutPanel.RotationAngle=0
RCC.FamilyName=M
ProjectManager.StackSize=0x400
Mcu.IP4=USB_OTG_FS
Mcu.IP2=SYS
NVIC.SVCall_IRQn=true\:0\:0\:false\:false\:true\:false\:false
Mcu.IP3=USB_DEVICE
Mcu.IP0=NVIC
PA9.Mode=Activate_VBUS
Mcu.IP1=RCC
PA12.Signal=USB_OTG_FS_DP
Mcu.UserConstants=
ProjectManager.TargetToolchain=SW4STM32
Mcu.ThirdPartyNb=0
VP_USB_DEVICE_VS_USB_DEVICE_CDC_FS.Mode=CDC_FS
Mcu.IPNb=5
RCC.I2SClocksFreq_Value=160000000
ProjectManager.PreviousToolchain=SW4STM32
PA9.Signal=USB_OTG_FS_VBUS
RCC.VcooutputI2S=160000000
Mcu.Pin6=PC12
Mcu.Pin7=VP_SYS_VS_Systick
Mcu.Pin8=VP_USB_DEVICE_VS_USB_DEVICE_CDC_FS
RCC.LSE_VALUE=32768
RCC.AHBFreq_Value=16000000
PH0-OSC_IN.Mode=HSE-External-Oscillator
Mcu.Pin0=PC13-ANTI_TAMP
Mcu.Pin1=PH0-OSC_IN
GPIO.groupedBy=
Mcu.Pin2=PH1-OSC_OUT
Mcu.Pin3=PA9
Mcu.Pin4=PA11
RCC.VCOI2SOutputFreq_Value=320000000
Mcu.Pin5=PA12
ProjectManager.ProjectBuild=false
RCC.HSE_VALUE=25000000
NVIC.UsageFault_IRQn=true\:0\:0\:false\:false\:true\:false\:false
NVIC.DebugMonitor_IRQn=true\:0\:0\:false\:false\:true\:false\:false
board=custom
PC13-ANTI_TAMP.Signal=GPIO_Output
RCC.VCOOutputFreq_Value=240000000
PC13-ANTI_TAMP.Locked=true
NVIC.SysTick_IRQn=true\:0\:0\:false\:false\:true\:false\:true
ProjectManager.LastFirmware=true
ProjectManager.FirmwarePackage=STM32Cube FW_F4 V1.25.0
MxDb.Version=DB.5.0.60
RCC.APB2Freq_Value=16000000
ProjectManager.BackupPrevious=false
MxCube.Version=5.6.1
RCC.VCOInputFreq_Value=1666666.6666666667
File.Version=6
VP_SYS_VS_Systick.Mode=SysTick
PH1-OSC_OUT.Signal=RCC_OSC_OUT
NVIC.NonMaskableInt_IRQn=true\:0\:0\:false\:false\:true\:false\:false
NVIC.PendSV_IRQn=true\:0\:0\:false\:false\:true\:false\:false
ProjectManager.FreePins=false
RCC.IPParameters=48MHZClocksFreq_Value,AHBFreq_Value,APB1Freq_Value,APB2Freq_Value,CortexFreq_Value,FamilyName,HSE_VALUE,HSI_VALUE,I2SClocksFreq_Value,LSE_VALUE,LSI_VALUE,PLLCLKFreq_Value,PLLM,PLLN,PLLQ,PLLQCLKFreq_Value,RTCFreq_Value,RTCHSEDivFreq_Value,SYSCLKFreq_VALUE,VCOI2SOutputFreq_Value,VCOInputFreq_Value,VCOOutputFreq_Value,VcooutputI2S
ProjectManager.AskForMigrate=true
Mcu.Name=STM32F415RGTx
ProjectManager.HalAssertFull=false
RCC.RTCHSEDivFreq_Value=12500000
ProjectManager.ProjectName=stm32-mcs4-memory-emulator
ProjectManager.UnderRoot=true
ProjectManager.CoupleFile=true
RCC.48MHZClocksFreq_Value=48000000
PH1-OSC_OUT.Mode=HSE-External-Oscillator
RCC.SYSCLKFreq_VALUE=16000000
Mcu.Package=LQFP64
PA12.Mode=Device_Only
NVIC.ForceEnableDMAVector=true
KeepUserPlacement=false
NVIC.MemoryManagement_IRQn=true\:0\:0\:false\:false\:true\:false\:false
NVIC.OTG_FS_IRQn=true\:0\:0\:false\:false\:true\:false\:true
ProjectManager.CompilerOptimize=6
ProjectManager.ToolChainLocation=
RCC.LSI_VALUE=32000
VP_SYS_VS_Systick.Signal=SYS_VS_Systick
PA11.Signal=USB_OTG_FS_DM
USB_OTG_FS.VirtualMode=Device_Only
ProjectManager.HeapSize=0x200
NVIC.HardFault_IRQn=true\:0\:0\:false\:false\:true\:false\:false
VP_USB_DEVICE_VS_USB_DEVICE_CDC_FS.Signal=USB_DEVICE_VS_USB_DEVICE_CDC_FS
ProjectManager.ComputerToolchain=false
RCC.HSI_VALUE=16000000
RCC.PLLQ=5
NVIC.PriorityGroup=NVIC_PRIORITYGROUP_4
RCC.PLLM=15
RCC.PLLN=144
NVIC.BusFault_IRQn=true\:0\:0\:false\:false\:true\:false\:false
USB_OTG_FS.IPParameters=VirtualMode
RCC.APB1Freq_Value=16000000
ProjectManager.CustomerFirmwarePackage=
ProjectManager.DeviceId=STM32F415RGTx
ProjectManager.LibraryCopy=1
